// !$*UTF8*$!
{
	archiveVersion = 1;
	classes = {
	};
	objectVersion = 50;
	objects = {

/* Begin PBXBuildFile section */
		4102F52E25144E7600908E0D /* AppDelegate.swift in Sources */ = {isa = PBXBuildFile; fileRef = 4102F52D25144E7600908E0D /* AppDelegate.swift */; };
		4102F53025144E7600908E0D /* SceneDelegate.swift in Sources */ = {isa = PBXBuildFile; fileRef = 4102F52F25144E7600908E0D /* SceneDelegate.swift */; };
		4102F53225144E7600908E0D /* ViewController.swift in Sources */ = {isa = PBXBuildFile; fileRef = 4102F53125144E7600908E0D /* ViewController.swift */; };
		4102F53525144E7600908E0D /* Main.storyboard in Resources */ = {isa = PBXBuildFile; fileRef = 4102F53325144E7600908E0D /* Main.storyboard */; };
		4102F53725144E7800908E0D /* Assets.xcassets in Resources */ = {isa = PBXBuildFile; fileRef = 4102F53625144E7800908E0D /* Assets.xcassets */; };
		4102F53A25144E7800908E0D /* LaunchScreen.storyboard in Resources */ = {isa = PBXBuildFile; fileRef = 4102F53825144E7800908E0D /* LaunchScreen.storyboard */; };
		4102F54525144E7800908E0D /* SoundTests.swift in Sources */ = {isa = PBXBuildFile; fileRef = 4102F54425144E7800908E0D /* SoundTests.swift */; };
		4102F55025144E7800908E0D /* SoundUITests.swift in Sources */ = {isa = PBXBuildFile; fileRef = 4102F54F25144E7800908E0D /* SoundUITests.swift */; };
/* End PBXBuildFile section */

/* Begin PBXContainerItemProxy section */
		4102F54125144E7800908E0D /* PBXContainerItemProxy */ = {
			isa = PBXContainerItemProxy;
			containerPortal = 4102F52225144E7600908E0D /* Project object */;
			proxyType = 1;
			remoteGlobalIDString = 4102F52925144E7600908E0D;
			remoteInfo = Sound;
		};
		4102F54C25144E7800908E0D /* PBXContainerItemProxy */ = {
			isa = PBXContainerItemProxy;
			containerPortal = 4102F52225144E7600908E0D /* Project object */;
			proxyType = 1;
			remoteGlobalIDString = 4102F52925144E7600908E0D;
			remoteInfo = Sound;
		};
/* End PBXContainerItemProxy section */

/* Begin PBXFileReference section */
		4102F52A25144E7600908E0D /* Sound.app */ = {isa = PBXFileReference; explicitFileType = wrapper.application; includeInIndex = 0; path = Sound.app; sourceTree = BUILT_PRODUCTS_DIR; };
		4102F52D25144E7600908E0D /* AppDelegate.swift */ = {isa = PBXFileReference; lastKnownFileType = sourcecode.swift; path = AppDelegate.swift; sourceTree = "<group>"; };
		4102F52F25144E7600908E0D /* SceneDelegate.swift */ = {isa = PBXFileReference; lastKnownFileType = sourcecode.swift; path = SceneDelegate.swift; sourceTree = "<group>"; };
		4102F53125144E7600908E0D /* ViewController.swift */ = {isa = PBXFileReference; lastKnownFileType = sourcecode.swift; path = ViewController.swift; sourceTree = "<group>"; };
		4102F53425144E7600908E0D /* Base */ = {isa = PBXFileReference; lastKnownFileType = file.storyboard; name = Base; path = Base.lproj/Main.storyboard; sourceTree = "<group>"; };
		4102F53625144E7800908E0D /* Assets.xcassets */ = {isa = PBXFileReference; lastKnownFileType = folder.assetcatalog; path = Assets.xcassets; sourceTree = "<group>"; };
		4102F53925144E7800908E0D /* Base */ = {isa = PBXFileReference; lastKnownFileType = file.storyboard; name = Base; path = Base.lproj/LaunchScreen.storyboard; sourceTree = "<group>"; };
		4102F53B25144E7800908E0D /* Info.plist */ = {isa = PBXFileReference; lastKnownFileType = text.plist.xml; path = Info.plist; sourceTree = "<group>"; };
		4102F54025144E7800908E0D /* SoundTests.xctest */ = {isa = PBXFileReference; explicitFileType = wrapper.cfbundle; includeInIndex = 0; path = SoundTests.xctest; sourceTree = BUILT_PRODUCTS_DIR; };
		4102F54425144E7800908E0D /* SoundTests.swift */ = {isa = PBXFileReference; lastKnownFileType = sourcecode.swift; path = SoundTests.swift; sourceTree = "<group>"; };
		4102F54625144E7800908E0D /* Info.plist */ = {isa = PBXFileReference; lastKnownFileType = text.plist.xml; path = Info.plist; sourceTree = "<group>"; };
		4102F54B25144E7800908E0D /* SoundUITests.xctest */ = {isa = PBXFileReference; explicitFileType = wrapper.cfbundle; includeInIndex = 0; path = SoundUITests.xctest; sourceTree = BUILT_PRODUCTS_DIR; };
		4102F54F25144E7800908E0D /* SoundUITests.swift */ = {isa = PBXFileReference; lastKnownFileType = sourcecode.swift; path = SoundUITests.swift; sourceTree = "<group>"; };
		4102F55125144E7800908E0D /* Info.plist */ = {isa = PBXFileReference; lastKnownFileType = text.plist.xml; path = Info.plist; sourceTree = "<group>"; };
/* End PBXFileReference section */

/* Begin PBXFrameworksBuildPhase section */
		4102F52725144E7600908E0D /* Frameworks */ = {
			isa = PBXFrameworksBuildPhase;
			buildActionMask = 2147483647;
			files = (
			);
			runOnlyForDeploymentPostprocessing = 0;
		};
		4102F53D25144E7800908E0D /* Frameworks */ = {
			isa = PBXFrameworksBuildPhase;
			buildActionMask = 2147483647;
			files = (
			);
			runOnlyForDeploymentPostprocessing = 0;
		};
		4102F54825144E7800908E0D /* Frameworks */ = {
			isa = PBXFrameworksBuildPhase;
			buildActionMask = 2147483647;
			files = (
			);
			runOnlyForDeploymentPostprocessing = 0;
		};
/* End PBXFrameworksBuildPhase section */

/* Begin PBXGroup section */
		4102F52125144E7600908E0D = {
			isa = PBXGroup;
			children = (
				4102F52C25144E7600908E0D /* Sound */,
				4102F54325144E7800908E0D /* SoundTests */,
				4102F54E25144E7800908E0D /* SoundUITests */,
				4102F52B25144E7600908E0D /* Products */,
			);
			sourceTree = "<group>";
		};
		4102F52B25144E7600908E0D /* Products */ = {
			isa = PBXGroup;
			children = (
				4102F52A25144E7600908E0D /* Sound.app */,
				4102F54025144E7800908E0D /* SoundTests.xctest */,
				4102F54B25144E7800908E0D /* SoundUITests.xctest */,
			);
			name = Products;
			sourceTree = "<group>";
		};
		4102F52C25144E7600908E0D /* Sound */ = {
			isa = PBXGroup;
			children = (
				4102F52D25144E7600908E0D /* AppDelegate.swift */,
				4102F52F25144E7600908E0D /* SceneDelegate.swift */,
				4102F53125144E7600908E0D /* ViewController.swift */,
				4102F53325144E7600908E0D /* Main.storyboard */,
				4102F53625144E7800908E0D /* Assets.xcassets */,
				4102F53825144E7800908E0D /* LaunchScreen.storyboard */,
				4102F53B25144E7800908E0D /* Info.plist */,
			);
			path = Sound;
			sourceTree = "<group>";
		};
		4102F54325144E7800908E0D /* SoundTests */ = {
			isa = PBXGroup;
			children = (
				4102F54425144E7800908E0D /* SoundTests.swift */,
				4102F54625144E7800908E0D /* Info.plist */,
			);
			path = SoundTests;
			sourceTree = "<group>";
		};
		4102F54E25144E7800908E0D /* SoundUITests */ = {
			isa = PBXGroup;
			children = (
				4102F54F25144E7800908E0D /* SoundUITests.swift */,
				4102F55125144E7800908E0D /* Info.plist */,
			);
			path = SoundUITests;
			sourceTree = "<group>";
		};
/* End PBXGroup section */

/* Begin PBXNativeTarget section */
		4102F52925144E7600908E0D /* Sound */ = {
			isa = PBXNativeTarget;
			buildConfigurationList = 4102F55425144E7800908E0D /* Build configuration list for PBXNativeTarget "Sound" */;
			buildPhases = (
				4102F52625144E7600908E0D /* Sources */,
				4102F52725144E7600908E0D /* Frameworks */,
				4102F52825144E7600908E0D /* Resources */,
			);
			buildRules = (
			);
			dependencies = (
			);
			name = Sound;
			productName = Sound;
			productReference = 4102F52A25144E7600908E0D /* Sound.app */;
			productType = "com.apple.product-type.application";
		};
		4102F53F25144E7800908E0D /* SoundTests */ = {
			isa = PBXNativeTarget;
			buildConfigurationList = 4102F55725144E7800908E0D /* Build configuration list for PBXNativeTarget "SoundTests" */;
			buildPhases = (
				4102F53C25144E7800908E0D /* Sources */,
				4102F53D25144E7800908E0D /* Frameworks */,
				4102F53E25144E7800908E0D /* Resources */,
			);
			buildRules = (
			);
			dependencies = (
				4102F54225144E7800908E0D /* PBXTargetDependency */,
			);
			name = SoundTests;
			productName = SoundTests;
			productReference = 4102F54025144E7800908E0D /* SoundTests.xctest */;
			productType = "com.apple.product-type.bundle.unit-test";
		};
		4102F54A25144E7800908E0D /* SoundUITests */ = {
			isa = PBXNativeTarget;
			buildConfigurationList = 4102F55A25144E7800908E0D /* Build configuration list for PBXNativeTarget "SoundUITests" */;
			buildPhases = (
				4102F54725144E7800908E0D /* Sources */,
				4102F54825144E7800908E0D /* Frameworks */,
				4102F54925144E7800908E0D /* Resources */,
			);
			buildRules = (
			);
			dependencies = (
				4102F54D25144E7800908E0D /* PBXTargetDependency */,
			);
			name = SoundUITests;
			productName = SoundUITests;
			productReference = 4102F54B25144E7800908E0D /* SoundUITests.xctest */;
			productType = "com.apple.product-type.bundle.ui-testing";
		};
/* End PBXNativeTarget section */

/* Begin PBXProject section */
		4102F52225144E7600908E0D /* Project object */ = {
			isa = PBXProject;
			attributes = {
				LastSwiftUpdateCheck = 1200;
				LastUpgradeCheck = 1200;
				TargetAttributes = {
					4102F52925144E7600908E0D = {
						CreatedOnToolsVersion = 12.0;
					};
					4102F53F25144E7800908E0D = {
						CreatedOnToolsVersion = 12.0;
						TestTargetID = 4102F52925144E7600908E0D;
					};
					4102F54A25144E7800908E0D = {
						CreatedOnToolsVersion = 12.0;
						TestTargetID = 4102F52925144E7600908E0D;
					};
				};
			};
			buildConfigurationList = 4102F52525144E7600908E0D /* Build configuration list for PBXProject "Sound" */;
			compatibilityVersion = "Xcode 9.3";
			developmentRegion = en;
			hasScannedForEncodings = 0;
			knownRegions = (
				en,
				Base,
			);
			mainGroup = 4102F52125144E7600908E0D;
			productRefGroup = 4102F52B25144E7600908E0D /* Products */;
			projectDirPath = "";
			projectRoot = "";
			targets = (
				4102F52925144E7600908E0D /* Sound */,
				4102F53F25144E7800908E0D /* SoundTests */,
				4102F54A25144E7800908E0D /* SoundUITests */,
			);
		};
/* End PBXProject section */

/* Begin PBXResourcesBuildPhase section */
		4102F52825144E7600908E0D /* Resources */ = {
			isa = PBXResourcesBuildPhase;
			buildActionMask = 2147483647;
			files = (
				4102F53A25144E7800908E0D /* LaunchScreen.storyboard in Resources */,
				4102F53725144E7800908E0D /* Assets.xcassets in Resources */,
				4102F53525144E7600908E0D /* Main.storyboard in Resources */,
			);
			runOnlyForDeploymentPostprocessing = 0;
		};
		4102F53E25144E7800908E0D /* Resources */ = {
			isa = PBXResourcesBuildPhase;
			buildActionMask = 2147483647;
			files = (
			);
			runOnlyForDeploymentPostprocessing = 0;
		};
		4102F54925144E7800908E0D /* Resources */ = {
			isa = PBXResourcesBuildPhase;
			buildActionMask = 2147483647;
			files = (
			);
			runOnlyForDeploymentPostprocessing = 0;
		};
/* End PBXResourcesBuildPhase section */

/* Begin PBXSourcesBuildPhase section */
		4102F52625144E7600908E0D /* Sources */ = {
			isa = PBXSourcesBuildPhase;
			buildActionMask = 2147483647;
			files = (
				4102F53225144E7600908E0D /* ViewController.swift in Sources */,
				4102F52E25144E7600908E0D /* AppDelegate.swift in Sources */,
				4102F53025144E7600908E0D /* SceneDelegate.swift in Sources */,
			);
			runOnlyForDeploymentPostprocessing = 0;
		};
		4102F53C25144E7800908E0D /* Sources */ = {
			isa = PBXSourcesBuildPhase;
			buildActionMask = 2147483647;
			files = (
				4102F54525144E7800908E0D /* SoundTests.swift in Sources */,
			);
			runOnlyForDeploymentPostprocessing = 0;
		};
		4102F54725144E7800908E0D /* Sources */ = {
			isa = PBXSourcesBuildPhase;
			buildActionMask = 2147483647;
			files = (
				4102F55025144E7800908E0D /* SoundUITests.swift in Sources */,
			);
			runOnlyForDeploymentPostprocessing = 0;
		};
/* End PBXSourcesBuildPhase section */

/* Begin PBXTargetDependency section */
		4102F54225144E7800908E0D /* PBXTargetDependency */ = {
			isa = PBXTargetDependency;
			target = 4102F52925144E7600908E0D /* Sound */;
			targetProxy = 4102F54125144E7800908E0D /* PBXContainerItemProxy */;
		};
		4102F54D25144E7800908E0D /* PBXTargetDependency */ = {
			isa = PBXTargetDependency;
			target = 4102F52925144E7600908E0D /* Sound */;
			targetProxy = 4102F54C25144E7800908E0D /* PBXContainerItemProxy */;
		};
/* End PBXTargetDependency section */

/* Begin PBXVariantGroup section */
		4102F53325144E7600908E0D /* Main.storyboard */ = {
			isa = PBXVariantGroup;
			children = (
				4102F53425144E7600908E0D /* Base */,
			);
			name = Main.storyboard;
			sourceTree = "<group>";
		};
		4102F53825144E7800908E0D /* LaunchScreen.storyboard */ = {
			isa = PBXVariantGroup;
			children = (
				4102F53925144E7800908E0D /* Base */,
			);
			name = LaunchScreen.storyboard;
			sourceTree = "<group>";
		};
/* End PBXVariantGroup section */

/* Begin XCBuildConfiguration section */
		4102F55225144E7800908E0D /* Debug */ = {
			isa = XCBuildConfiguration;
			buildSettings = {
				ALWAYS_SEARCH_USER_PATHS = NO;
				CLANG_ANALYZER_NONNULL = YES;
				CLANG_ANALYZER_NUMBER_OBJECT_CONVERSION = YES_AGGRESSIVE;
				CLANG_CXX_LANGUAGE_STANDARD = "gnu++14";
				CLANG_CXX_LIBRARY = "libc++";
				CLANG_ENABLE_MODULES = YES;
				CLANG_ENABLE_OBJC_ARC = YES;
				CLANG_ENABLE_OBJC_WEAK = YES;
				CLANG_WARN_BLOCK_CAPTURE_AUTORELEASING = YES;
				CLANG_WARN_BOOL_CONVERSION = YES;
				CLANG_WARN_COMMA = YES;
				CLANG_WARN_CONSTANT_CONVERSION = YES;
				CLANG_WARN_DEPRECATED_OBJC_IMPLEMENTATIONS = YES;
				CLANG_WARN_DIRECT_OBJC_ISA_USAGE = YES_ERROR;
				CLANG_WARN_DOCUMENTATION_COMMENTS = YES;
				CLANG_WARN_EMPTY_BODY = YES;
				CLANG_WARN_ENUM_CONVERSION = YES;
				CLANG_WARN_INFINITE_RECURSION = YES;
				CLANG_WARN_INT_CONVERSION = YES;
				CLANG_WARN_NON_LITERAL_NULL_CONVERSION = YES;
				CLANG_WARN_OBJC_IMPLICIT_RETAIN_SELF = YES;
				CLANG_WARN_OBJC_LITERAL_CONVERSION = YES;
				CLANG_WARN_OBJC_ROOT_CLASS = YES_ERROR;
				CLANG_WARN_QUOTED_INCLUDE_IN_FRAMEWORK_HEADER = YES;
				CLANG_WARN_RANGE_LOOP_ANALYSIS = YES;
				CLANG_WARN_STRICT_PROTOTYPES = YES;
				CLANG_WARN_SUSPICIOUS_MOVE = YES;
				CLANG_WARN_UNGUARDED_AVAILABILITY = YES_AGGRESSIVE;
				CLANG_WARN_UNREACHABLE_CODE = YES;
				CLANG_WARN__DUPLICATE_METHOD_MATCH = YES;
				COPY_PHASE_STRIP = NO;
				DEBUG_INFORMATION_FORMAT = dwarf;
				ENABLE_STRICT_OBJC_MSGSEND = YES;
				ENABLE_TESTABILITY = YES;
				GCC_C_LANGUAGE_STANDARD = gnu11;
				GCC_DYNAMIC_NO_PIC = NO;
				GCC_NO_COMMON_BLOCKS = YES;
				GCC_OPTIMIZATION_LEVEL = 0;
				GCC_PREPROCESSOR_DEFINITIONS = (
					"DEBUG=1",
					"$(inherited)",
				);
				GCC_WARN_64_TO_32_BIT_CONVERSION = YES;
				GCC_WARN_ABOUT_RETURN_TYPE = YES_ERROR;
				GCC_WARN_UNDECLARED_SELECTOR = YES;
				GCC_WARN_UNINITIALIZED_AUTOS = YES_AGGRESSIVE;
				GCC_WARN_UNUSED_FUNCTION = YES;
				GCC_WARN_UNUSED_VARIABLE = YES;
				IPHONEOS_DEPLOYMENT_TARGET = 14.0;
				MTL_ENABLE_DEBUG_INFO = INCLUDE_SOURCE;
				MTL_FAST_MATH = YES;
				ONLY_ACTIVE_ARCH = YES;
				SDKROOT = iphoneos;
				SWIFT_ACTIVE_COMPILATION_CONDITIONS = DEBUG;
				SWIFT_OPTIMIZATION_LEVEL = "-Onone";
			};
			name = Debug;
		};
		4102F55325144E7800908E0D /* Release */ = {
			isa = XCBuildConfiguration;
			buildSettings = {
				ALWAYS_SEARCH_USER_PATHS = NO;
				CLANG_ANALYZER_NONNULL = YES;
				CLANG_ANALYZER_NUMBER_OBJECT_CONVERSION = YES_AGGRESSIVE;
				CLANG_CXX_LANGUAGE_STANDARD = "gnu++14";
				CLANG_CXX_LIBRARY = "libc++";
				CLANG_ENABLE_MODULES = YES;
				CLANG_ENABLE_OBJC_ARC = YES;
				CLANG_ENABLE_OBJC_WEAK = YES;
				CLANG_WARN_BLOCK_CAPTURE_AUTORELEASING = YES;
				CLANG_WARN_BOOL_CONVERSION = YES;
				CLANG_WARN_COMMA = YES;
				CLANG_WARN_CONSTANT_CONVERSION = YES;
				CLANG_WARN_DEPRECATED_OBJC_IMPLEMENTATIONS = YES;
				CLANG_WARN_DIRECT_OBJC_ISA_USAGE = YES_ERROR;
				CLANG_WARN_DOCUMENTATION_COMMENTS = YES;
				CLANG_WARN_EMPTY_BODY = YES;
				CLANG_WARN_ENUM_CONVERSION = YES;
				CLANG_WARN_INFINITE_RECURSION = YES;
				CLANG_WARN_INT_CONVERSION = YES;
				CLANG_WARN_NON_LITERAL_NULL_CONVERSION = YES;
				CLANG_WARN_OBJC_IMPLICIT_RETAIN_SELF = YES;
				CLANG_WARN_OBJC_LITERAL_CONVERSION = YES;
				CLANG_WARN_OBJC_ROOT_CLASS = YES_ERROR;
				CLANG_WARN_QUOTED_INCLUDE_IN_FRAMEWORK_HEADER = YES;
				CLANG_WARN_RANGE_LOOP_ANALYSIS = YES;
				CLANG_WARN_STRICT_PROTOTYPES = YES;
				CLANG_WARN_SUSPICIOUS_MOVE = YES;
				CLANG_WARN_UNGUARDED_AVAILABILITY = YES_AGGRESSIVE;
				CLANG_WARN_UNREACHABLE_CODE = YES;
				CLANG_WARN__DUPLICATE_METHOD_MATCH = YES;
				COPY_PHASE_STRIP = NO;
				DEBUG_INFORMATION_FORMAT = "dwarf-with-dsym";
				ENABLE_NS_ASSERTIONS = NO;
				ENABLE_STRICT_OBJC_MSGSEND = YES;
				GCC_C_LANGUAGE_STANDARD = gnu11;
				GCC_NO_COMMON_BLOCKS = YES;
				GCC_WARN_64_TO_32_BIT_CONVERSION = YES;
				GCC_WARN_ABOUT_RETURN_TYPE = YES_ERROR;
				GCC_WARN_UNDECLARED_SELECTOR = YES;
				GCC_WARN_UNINITIALIZED_AUTOS = YES_AGGRESSIVE;
				GCC_WARN_UNUSED_FUNCTION = YES;
				GCC_WARN_UNUSED_VARIABLE = YES;
				IPHONEOS_DEPLOYMENT_TARGET = 14.0;
				MTL_ENABLE_DEBUG_INFO = NO;
				MTL_FAST_MATH = YES;
				SDKROOT = iphoneos;
				SWIFT_COMPILATION_MODE = wholemodule;
				SWIFT_OPTIMIZATION_LEVEL = "-O";
				VALIDATE_PRODUCT = YES;
			};
			name = Release;
		};
		4102F55525144E7800908E0D /* Debug */ = {
			isa = XCBuildConfiguration;
			buildSettings = {
				ASSETCATALOG_COMPILER_APPICON_NAME = AppIcon;
				ASSETCATALOG_COMPILER_GLOBAL_ACCENT_COLOR_NAME = AccentColor;
				CODE_SIGN_STYLE = Automatic;
				INFOPLIST_FILE = Sound/Info.plist;
				LD_RUNPATH_SEARCH_PATHS = (
					"$(inherited)",
					"@executable_path/Frameworks",
				);
				PRODUCT_BUNDLE_IDENTIFIER = app.ido.umi.Sound;
				PRODUCT_NAME = "$(TARGET_NAME)";
				SWIFT_VERSION = 5.0;
				TARGETED_DEVICE_FAMILY = "1,2";
			};
			name = Debug;
		};
		4102F55625144E7800908E0D /* Release */ = {
			isa = XCBuildConfiguration;
			buildSettings = {
				ASSETCATALOG_COMPILER_APPICON_NAME = AppIcon;
				ASSETCATALOG_COMPILER_GLOBAL_ACCENT_COLOR_NAME = AccentColor;
				CODE_SIGN_STYLE = Automatic;
				INFOPLIST_FILE = Sound/Info.plist;
				LD_RUNPATH_SEARCH_PATHS = (
					"$(inherited)",
					"@executable_path/Frameworks",
				);
				PRODUCT_BUNDLE_IDENTIFIER = app.ido.umi.Sound;
				PRODUCT_NAME = "$(TARGET_NAME)";
				SWIFT_VERSION = 5.0;
				TARGETED_DEVICE_FAMILY = "1,2";
			};
			name = Release;
		};
		4102F55825144E7800908E0D /* Debug */ = {
			isa = XCBuildConfiguration;
			buildSettings = {
				ALWAYS_EMBED_SWIFT_STANDARD_LIBRARIES = YES;
				BUNDLE_LOADER = "$(TEST_HOST)";
				CODE_SIGN_STYLE = Automatic;
				INFOPLIST_FILE = SoundTests/Info.plist;
				IPHONEOS_DEPLOYMENT_TARGET = 14.0;
				LD_RUNPATH_SEARCH_PATHS = (
					"$(inherited)",
					"@executable_path/Frameworks",
					"@loader_path/Frameworks",
				);
				PRODUCT_BUNDLE_IDENTIFIER = app.ido.umi.SoundTests;
				PRODUCT_NAME = "$(TARGET_NAME)";
				SWIFT_VERSION = 5.0;
				TARGETED_DEVICE_FAMILY = "1,2";
				TEST_HOST = "$(BUILT_PRODUCTS_DIR)/Sound.app/Sound";
			};
			name = Debug;
		};
		4102F55925144E7800908E0D /* Release */ = {
			isa = XCBuildConfiguration;
			buildSettings = {
				ALWAYS_EMBED_SWIFT_STANDARD_LIBRARIES = YES;
				BUNDLE_LOADER = "$(TEST_HOST)";
				CODE_SIGN_STYLE = Automatic;
				INFOPLIST_FILE = SoundTests/Info.plist;
				IPHONEOS_DEPLOYMENT_TARGET = 14.0;
				LD_RUNPATH_SEARCH_PATHS = (
					"$(inherited)",
					"@executable_path/Frameworks",
					"@loader_path/Frameworks",
				);
				PRODUCT_BUNDLE_IDENTIFIER = app.ido.umi.SoundTests;
				PRODUCT_NAME = "$(TARGET_NAME)";
				SWIFT_VERSION = 5.0;
				TARGETED_DEVICE_FAMILY = "1,2";
				TEST_HOST = "$(BUILT_PRODUCTS_DIR)/Sound.app/Sound";
			};
			name = Release;
		};
		4102F55B25144E7800908E0D /* Debug */ = {
			isa = XCBuildConfiguration;
			buildSettings = {
				ALWAYS_EMBED_SWIFT_STANDARD_LIBRARIES = YES;
				CODE_SIGN_STYLE = Automatic;
				INFOPLIST_FILE = SoundUITests/Info.plist;
				LD_RUNPATH_SEARCH_PATHS = (
					"$(inherited)",
					"@executable_path/Frameworks",
					"@loader_path/Frameworks",
				);
				PRODUCT_BUNDLE_IDENTIFIER = app.ido.umi.SoundUITests;
				PRODUCT_NAME = "$(TARGET_NAME)";
				SWIFT_VERSION = 5.0;
				TARGETED_DEVICE_FAMILY = "1,2";
				TEST_TARGET_NAME = Sound;
			};
			name = Debug;
		};
		4102F55C25144E7800908E0D /* Release */ = {
			isa = XCBuildConfiguration;
			buildSettings = {
				ALWAYS_EMBED_SWIFT_STANDARD_LIBRARIES = YES;
				CODE_SIGN_STYLE = Automatic;
				INFOPLIST_FILE = SoundUITests/Info.plist;
				LD_RUNPATH_SEARCH_PATHS = (
					"$(inherited)",
					"@executable_path/Frameworks",
					"@loader_path/Frameworks",
				);
				PRODUCT_BUNDLE_IDENTIFIER = app.ido.umi.SoundUITests;
				PRODUCT_NAME = "$(TARGET_NAME)";
				SWIFT_VERSION = 5.0;
				TARGETED_DEVICE_FAMILY = "1,2";
				TEST_TARGET_NAME = Sound;
			};
			name = Release;
		};
/* End XCBuildConfiguration section */

/* Begin XCConfigurationList section */
		4102F52525144E7600908E0D /* Build configuration list for PBXProject "Sound" */ = {
			isa = XCConfigurationList;
			buildConfigurations = (
				4102F55225144E7800908E0D /* Debug */,
				4102F55325144E7800908E0D /* Release */,
			);
			defaultConfigurationIsVisible = 0;
			defaultConfigurationName = Release;
		};
		4102F55425144E7800908E0D /* Build configuration list for PBXNativeTarget "Sound" */ = {
			isa = XCConfigurationList;
			buildConfigurations = (
				4102F55525144E7800908E0D /* Debug */,
				4102F55625144E7800908E0D /* Release */,
			);
			defaultConfigurationIsVisible = 0;
			defaultConfigurationName = Release;
		};
		4102F55725144E7800908E0D /* Build configuration list for PBXNativeTarget "SoundTests" */ = {
			isa = XCConfigurationList;
			buildConfigurations = (
				4102F55825144E7800908E0D /* Debug */,
				4102F55925144E7800908E0D /* Release */,
			);
			defaultConfigurationIsVisible = 0;
			defaultConfigurationName = Release;
		};
		4102F55A25144E7800908E0D /* Build configuration list for PBXNativeTarget "SoundUITests" */ = {
			isa = XCConfigurationList;
			buildConfigurations = (
				4102F55B25144E7800908E0D /* Debug */,
				4102F55C25144E7800908E0D /* Release */,
			);
			defaultConfigurationIsVisible = 0;
			defaultConfigurationName = Release;
		};
/* End XCConfigurationList section */
	};
	rootObject = 4102F52225144E7600908E0D /* Project object */;
}
